
Microsoft Visual Studio Solution File, Format Version 12.00
# Visual Studio Version 17
VisualStudioVersion = 17.8.34525.116
MinimumVisualStudioVersion = 10.0.40219.1
Project("{FAE04EC0-301F-11D3-BF4B-00C04F79EFBC}") = "laba_9", "laba_9\laba_9.csproj", "{366C16D4-88D9-41D9-8DEA-70BB105B74BB}"
EndProject
Global
	GlobalSection(SolutionConfigurationPlatforms) = preSolution
		Debug|Any CPU = Debug|Any CPU
		Release|Any CPU = Release|Any CPU
	EndGlobalSection
	GlobalSection(ProjectConfigurationPlatforms) = postSolution
		{366C16D4-88D9-41D9-8DEA-70BB105B74BB}.Debug|Any CPU.ActiveCfg = Debug|Any CPU
		{366C16D4-88D9-41D9-8DEA-70BB105B74BB}.Debug|Any CPU.Build.0 = Debug|Any CPU
		{366C16D4-88D9-41D9-8DEA-70BB105B74BB}.Release|Any CPU.ActiveCfg = Release|Any CPU
		{366C16D4-88D9-41D9-8DEA-70BB105B74BB}.Release|Any CPU.Build.0 = Release|Any CPU
	EndGlobalSection
	GlobalSection(SolutionProperties) = preSolution
		HideSolutionNode = FALSE
	EndGlobalSection
	GlobalSection(ExtensibilityGlobals) = postSolution
		SolutionGuid = {2DCF3D04-4868-4690-9061-069592298D7B}
	EndGlobalSection
EndGlobal
